
Microsoft Visual Studio Solution File, Format Version 12.00
# Visual Studio Version 17
VisualStudioVersion = 17.9.34728.123
MinimumVisualStudioVersion = 10.0.40219.1
Project("{9A19103F-16F7-4668-BE54-9A1E7A4F7556}") = "AirChat.Contract", "AirChat.Contract\AirChat.Contract.csproj", "{4591AC8C-BAB5-42EC-8B65-C65D1EDDF9ED}"
EndProject
Project("{9A19103F-16F7-4668-BE54-9A1E7A4F7556}") = "AirChat.API", "AirChat.API\AirChat.API.csproj", "{8F47EE50-E7E5-46A9-8CEA-503AEF4B60F2}"
EndProject
Project("{9A19103F-16F7-4668-BE54-9A1E7A4F7556}") = "AirChat.ServiceClient", "AirChat.ServiceClient\AirChat.ServiceClient.csproj", "{408AFF33-2847-4F55-B685-9548C8532848}"
EndProject
Project("{9A19103F-16F7-4668-BE54-9A1E7A4F7556}") = "AirChat.Frontend", "AirChat.Frontend\AirChat.Frontend.csproj", "{E8EC7A97-A388-495E-91D7-9FBAC4467C57}"
EndProject
Global
	GlobalSection(SolutionConfigurationPlatforms) = preSolution
		Debug|Any CPU = Debug|Any CPU
		Release|Any CPU = Release|Any CPU
	EndGlobalSection
	GlobalSection(ProjectConfigurationPlatforms) = postSolution
		{4591AC8C-BAB5-42EC-8B65-C65D1EDDF9ED}.Debug|Any CPU.ActiveCfg = Debug|Any CPU
		{4591AC8C-BAB5-42EC-8B65-C65D1EDDF9ED}.Debug|Any CPU.Build.0 = Debug|Any CPU
		{4591AC8C-BAB5-42EC-8B65-C65D1EDDF9ED}.Release|Any CPU.ActiveCfg = Release|Any CPU
		{4591AC8C-BAB5-42EC-8B65-C65D1EDDF9ED}.Release|Any CPU.Build.0 = Release|Any CPU
		{8F47EE50-E7E5-46A9-8CEA-503AEF4B60F2}.Debug|Any CPU.ActiveCfg = Debug|Any CPU
		{8F47EE50-E7E5-46A9-8CEA-503AEF4B60F2}.Debug|Any CPU.Build.0 = Debug|Any CPU
		{8F47EE50-E7E5-46A9-8CEA-503AEF4B60F2}.Release|Any CPU.ActiveCfg = Release|Any CPU
		{8F47EE50-E7E5-46A9-8CEA-503AEF4B60F2}.Release|Any CPU.Build.0 = Release|Any CPU
		{408AFF33-2847-4F55-B685-9548C8532848}.Debug|Any CPU.ActiveCfg = Debug|Any CPU
		{408AFF33-2847-4F55-B685-9548C8532848}.Debug|Any CPU.Build.0 = Debug|Any CPU
		{408AFF33-2847-4F55-B685-9548C8532848}.Release|Any CPU.ActiveCfg = Release|Any CPU
		{408AFF33-2847-4F55-B685-9548C8532848}.Release|Any CPU.Build.0 = Release|Any CPU
		{E8EC7A97-A388-495E-91D7-9FBAC4467C57}.Debug|Any CPU.ActiveCfg = Debug|Any CPU
		{E8EC7A97-A388-495E-91D7-9FBAC4467C57}.Debug|Any CPU.Build.0 = Debug|Any CPU
		{E8EC7A97-A388-495E-91D7-9FBAC4467C57}.Release|Any CPU.ActiveCfg = Release|Any CPU
		{E8EC7A97-A388-495E-91D7-9FBAC4467C57}.Release|Any CPU.Build.0 = Release|Any CPU
	EndGlobalSection
	GlobalSection(SolutionProperties) = preSolution
		HideSolutionNode = FALSE
	EndGlobalSection
	GlobalSection(ExtensibilityGlobals) = postSolution
		SolutionGuid = {B408D0A4-4C19-4CA5-9ABF-321DFBEA1C1F}
	EndGlobalSection
EndGlobal
